
Microsoft Visual Studio Solution File, Format Version 12.00
# Visual Studio Version 16
VisualStudioVersion = 16.0.30804.86
MinimumVisualStudioVersion = 10.0.40219.1
Project("{9A19103F-16F7-4668-BE54-9A1E7A4F7556}") = "PayrocTest", "PayrocTest\PayrocTest.csproj", "{66E9E92D-C728-43D5-BA84-D8AC94A35E93}"
EndProject
Project("{9A19103F-16F7-4668-BE54-9A1E7A4F7556}") = "PayrocTest.Tests", "PayrocTest.Tests\PayrocTest.Tests.csproj", "{73CE9B86-FC4D-49CF-9CB1-9D190629AAD8}"
EndProject
Global
	GlobalSection(SolutionConfigurationPlatforms) = preSolution
		Debug|Any CPU = Debug|Any CPU
		Release|Any CPU = Release|Any CPU
	EndGlobalSection
	GlobalSection(ProjectConfigurationPlatforms) = postSolution
		{66E9E92D-C728-43D5-BA84-D8AC94A35E93}.Debug|Any CPU.ActiveCfg = Debug|Any CPU
		{66E9E92D-C728-43D5-BA84-D8AC94A35E93}.Debug|Any CPU.Build.0 = Debug|Any CPU
		{66E9E92D-C728-43D5-BA84-D8AC94A35E93}.Release|Any CPU.ActiveCfg = Release|Any CPU
		{66E9E92D-C728-43D5-BA84-D8AC94A35E93}.Release|Any CPU.Build.0 = Release|Any CPU
		{73CE9B86-FC4D-49CF-9CB1-9D190629AAD8}.Debug|Any CPU.ActiveCfg = Debug|Any CPU
		{73CE9B86-FC4D-49CF-9CB1-9D190629AAD8}.Debug|Any CPU.Build.0 = Debug|Any CPU
		{73CE9B86-FC4D-49CF-9CB1-9D190629AAD8}.Release|Any CPU.ActiveCfg = Release|Any CPU
		{73CE9B86-FC4D-49CF-9CB1-9D190629AAD8}.Release|Any CPU.Build.0 = Release|Any CPU
	EndGlobalSection
	GlobalSection(SolutionProperties) = preSolution
		HideSolutionNode = FALSE
	EndGlobalSection
	GlobalSection(ExtensibilityGlobals) = postSolution
		SolutionGuid = {D68650A0-55FE-48B9-8DD9-0738B476B933}
	EndGlobalSection
EndGlobal
